
Microsoft Visual Studio Solution File, Format Version 12.00
# Visual Studio Version 16
VisualStudioVersion = 16.0.809.6
MinimumVisualStudioVersion = 10.0.40219.1
Project("{FAE04EC0-301F-11D3-BF4B-00C04F79EFBC}") = "Lemon.Android.Binding", "Lemon.Android.Binding\Lemon.Android.Binding.csproj", "{B0499F39-6338-4338-BD9E-342D34BFFEDA}"
EndProject
Global
	GlobalSection(SolutionConfigurationPlatforms) = preSolution
		Debug|Any CPU = Debug|Any CPU
		Release|Any CPU = Release|Any CPU
	EndGlobalSection
	GlobalSection(ProjectConfigurationPlatforms) = postSolution
		{B0499F39-6338-4338-BD9E-342D34BFFEDA}.Debug|Any CPU.ActiveCfg = Debug|Any CPU
		{B0499F39-6338-4338-BD9E-342D34BFFEDA}.Debug|Any CPU.Build.0 = Debug|Any CPU
		{B0499F39-6338-4338-BD9E-342D34BFFEDA}.Release|Any CPU.ActiveCfg = Release|Any CPU
		{B0499F39-6338-4338-BD9E-342D34BFFEDA}.Release|Any CPU.Build.0 = Release|Any CPU
	EndGlobalSection
	GlobalSection(SolutionProperties) = preSolution
		HideSolutionNode = FALSE
	EndGlobalSection
	GlobalSection(ExtensibilityGlobals) = postSolution
		SolutionGuid = {F5F5490F-70E4-4C09-85DC-EA649A8207EA}
	EndGlobalSection
EndGlobal
